
Microsoft Visual Studio Solution File, Format Version 12.00
# Visual Studio Version 17
VisualStudioVersion = 17.6.33801.468
MinimumVisualStudioVersion = 10.0.40219.1
Project("{9A19103F-16F7-4668-BE54-9A1E7A4F7556}") = "minesweeper_api", "minesweeper_api\minesweeper_api.csproj", "{A89DB451-867C-4E42-9599-EF2CE06AFC6B}"
EndProject
Project("{2150E333-8FDC-42A3-9474-1A3956D46DE8}") = "Core", "Core", "{0F0FECAE-FEB8-4CB7-9F06-DCF60748BFDE}"
EndProject
Project("{2150E333-8FDC-42A3-9474-1A3956D46DE8}") = "Infrastructure", "Infrastructure", "{8626ED86-E5FC-44BF-A696-E06A01A23140}"
EndProject
Project("{9A19103F-16F7-4668-BE54-9A1E7A4F7556}") = "Contracts", "Contracts\Contracts.csproj", "{2775B88D-7E05-4CBD-91D8-B71E331AEE7D}"
EndProject
Project("{9A19103F-16F7-4668-BE54-9A1E7A4F7556}") = "Domain", "Domain\Domain.csproj", "{FA164FDF-21DF-4A16-B37D-F989D03C4185}"
EndProject
Project("{9A19103F-16F7-4668-BE54-9A1E7A4F7556}") = "Services", "Services\Services.csproj", "{6EB9BD2F-0951-48FB-9A00-FB9C713B1489}"
EndProject
Project("{9A19103F-16F7-4668-BE54-9A1E7A4F7556}") = "Services.Abstractions", "Services.Abstractions\Services.Abstractions.csproj", "{A02958DB-9AF6-47AD-88AE-73DDC7277E86}"
EndProject
Project("{9A19103F-16F7-4668-BE54-9A1E7A4F7556}") = "Persistence", "Persistence\Persistence.csproj", "{4E519844-6E38-4CCD-842A-DF70630CCF29}"
EndProject
Project("{9A19103F-16F7-4668-BE54-9A1E7A4F7556}") = "Presentation", "Presentation\Presentation.csproj", "{E57F0D4B-FA69-4A2D-A108-1F533BD5BB7A}"
EndProject
Project("{9A19103F-16F7-4668-BE54-9A1E7A4F7556}") = "Minesweeper", "Minesweeper\Minesweeper.csproj", "{817A1767-03F4-44FD-ABFE-291179F9C9C6}"
EndProject
Project("{9A19103F-16F7-4668-BE54-9A1E7A4F7556}") = "CollectionManager", "CollectionManager\CollectionManager.csproj", "{32F510DE-FB35-4BB0-B43D-BBDE65F5DAB6}"
EndProject
Project("{2150E333-8FDC-42A3-9474-1A3956D46DE8}") = "Tests", "Tests", "{C296DDE9-537F-4F60-8A60-C5182B548B78}"
EndProject
Project("{9A19103F-16F7-4668-BE54-9A1E7A4F7556}") = "Repository.Tests", "Repository.Tests\Repository.Tests.csproj", "{61A24C48-3670-4EFD-8289-7801B5999DD4}"
EndProject
Project("{9A19103F-16F7-4668-BE54-9A1E7A4F7556}") = "Services.Tests", "Services.Tests\Services.Tests.csproj", "{F3096B77-A297-46F5-B751-D291EEA5C8D8}"
EndProject
Project("{9A19103F-16F7-4668-BE54-9A1E7A4F7556}") = "Common", "Common\Common.csproj", "{3CC56180-8D03-456C-A6CB-065F0A3CEEDB}"
EndProject
Project("{9A19103F-16F7-4668-BE54-9A1E7A4F7556}") = "Controllers.Tests", "Controllers.Tests\Controllers.Tests.csproj", "{894C9B20-078F-431E-83BA-3A503CB9D298}"
EndProject
Project("{FAE04EC0-301F-11D3-BF4B-00C04F79EFBC}") = "CollectionManager.Tests", "CollectionManager.Tests\CollectionManager.Tests.csproj", "{7609360C-EF81-49AE-8183-D370EEFF0031}"
EndProject
Global
	GlobalSection(SolutionConfigurationPlatforms) = preSolution
		Debug|Any CPU = Debug|Any CPU
		Release|Any CPU = Release|Any CPU
	EndGlobalSection
	GlobalSection(ProjectConfigurationPlatforms) = postSolution
		{A89DB451-867C-4E42-9599-EF2CE06AFC6B}.Debug|Any CPU.ActiveCfg = Debug|Any CPU
		{A89DB451-867C-4E42-9599-EF2CE06AFC6B}.Debug|Any CPU.Build.0 = Debug|Any CPU
		{A89DB451-867C-4E42-9599-EF2CE06AFC6B}.Release|Any CPU.ActiveCfg = Release|Any CPU
		{A89DB451-867C-4E42-9599-EF2CE06AFC6B}.Release|Any CPU.Build.0 = Release|Any CPU
		{2775B88D-7E05-4CBD-91D8-B71E331AEE7D}.Debug|Any CPU.ActiveCfg = Debug|Any CPU
		{2775B88D-7E05-4CBD-91D8-B71E331AEE7D}.Debug|Any CPU.Build.0 = Debug|Any CPU
		{2775B88D-7E05-4CBD-91D8-B71E331AEE7D}.Release|Any CPU.ActiveCfg = Release|Any CPU
		{2775B88D-7E05-4CBD-91D8-B71E331AEE7D}.Release|Any CPU.Build.0 = Release|Any CPU
		{FA164FDF-21DF-4A16-B37D-F989D03C4185}.Debug|Any CPU.ActiveCfg = Debug|Any CPU
		{FA164FDF-21DF-4A16-B37D-F989D03C4185}.Debug|Any CPU.Build.0 = Debug|Any CPU
		{FA164FDF-21DF-4A16-B37D-F989D03C4185}.Release|Any CPU.ActiveCfg = Release|Any CPU
		{FA164FDF-21DF-4A16-B37D-F989D03C4185}.Release|Any CPU.Build.0 = Release|Any CPU
		{6EB9BD2F-0951-48FB-9A00-FB9C713B1489}.Debug|Any CPU.ActiveCfg = Debug|Any CPU
		{6EB9BD2F-0951-48FB-9A00-FB9C713B1489}.Debug|Any CPU.Build.0 = Debug|Any CPU
		{6EB9BD2F-0951-48FB-9A00-FB9C713B1489}.Release|Any CPU.ActiveCfg = Release|Any CPU
		{6EB9BD2F-0951-48FB-9A00-FB9C713B1489}.Release|Any CPU.Build.0 = Release|Any CPU
		{A02958DB-9AF6-47AD-88AE-73DDC7277E86}.Debug|Any CPU.ActiveCfg = Debug|Any CPU
		{A02958DB-9AF6-47AD-88AE-73DDC7277E86}.Debug|Any CPU.Build.0 = Debug|Any CPU
		{A02958DB-9AF6-47AD-88AE-73DDC7277E86}.Release|Any CPU.ActiveCfg = Release|Any CPU
		{A02958DB-9AF6-47AD-88AE-73DDC7277E86}.Release|Any CPU.Build.0 = Release|Any CPU
		{4E519844-6E38-4CCD-842A-DF70630CCF29}.Debug|Any CPU.ActiveCfg = Debug|Any CPU
		{4E519844-6E38-4CCD-842A-DF70630CCF29}.Debug|Any CPU.Build.0 = Debug|Any CPU
		{4E519844-6E38-4CCD-842A-DF70630CCF29}.Release|Any CPU.ActiveCfg = Release|Any CPU
		{4E519844-6E38-4CCD-842A-DF70630CCF29}.Release|Any CPU.Build.0 = Release|Any CPU
		{E57F0D4B-FA69-4A2D-A108-1F533BD5BB7A}.Debug|Any CPU.ActiveCfg = Debug|Any CPU
		{E57F0D4B-FA69-4A2D-A108-1F533BD5BB7A}.Debug|Any CPU.Build.0 = Debug|Any CPU
		{E57F0D4B-FA69-4A2D-A108-1F533BD5BB7A}.Release|Any CPU.ActiveCfg = Release|Any CPU
		{E57F0D4B-FA69-4A2D-A108-1F533BD5BB7A}.Release|Any CPU.Build.0 = Release|Any CPU
		{817A1767-03F4-44FD-ABFE-291179F9C9C6}.Debug|Any CPU.ActiveCfg = Debug|Any CPU
		{817A1767-03F4-44FD-ABFE-291179F9C9C6}.Debug|Any CPU.Build.0 = Debug|Any CPU
		{817A1767-03F4-44FD-ABFE-291179F9C9C6}.Release|Any CPU.ActiveCfg = Release|Any CPU
		{817A1767-03F4-44FD-ABFE-291179F9C9C6}.Release|Any CPU.Build.0 = Release|Any CPU
		{32F510DE-FB35-4BB0-B43D-BBDE65F5DAB6}.Debug|Any CPU.ActiveCfg = Debug|Any CPU
		{32F510DE-FB35-4BB0-B43D-BBDE65F5DAB6}.Debug|Any CPU.Build.0 = Debug|Any CPU
		{32F510DE-FB35-4BB0-B43D-BBDE65F5DAB6}.Release|Any CPU.ActiveCfg = Release|Any CPU
		{32F510DE-FB35-4BB0-B43D-BBDE65F5DAB6}.Release|Any CPU.Build.0 = Release|Any CPU
		{61A24C48-3670-4EFD-8289-7801B5999DD4}.Debug|Any CPU.ActiveCfg = Debug|Any CPU
		{61A24C48-3670-4EFD-8289-7801B5999DD4}.Debug|Any CPU.Build.0 = Debug|Any CPU
		{61A24C48-3670-4EFD-8289-7801B5999DD4}.Release|Any CPU.ActiveCfg = Release|Any CPU
		{61A24C48-3670-4EFD-8289-7801B5999DD4}.Release|Any CPU.Build.0 = Release|Any CPU
		{F3096B77-A297-46F5-B751-D291EEA5C8D8}.Debug|Any CPU.ActiveCfg = Debug|Any CPU
		{F3096B77-A297-46F5-B751-D291EEA5C8D8}.Debug|Any CPU.Build.0 = Debug|Any CPU
		{F3096B77-A297-46F5-B751-D291EEA5C8D8}.Release|Any CPU.ActiveCfg = Release|Any CPU
		{F3096B77-A297-46F5-B751-D291EEA5C8D8}.Release|Any CPU.Build.0 = Release|Any CPU
		{3CC56180-8D03-456C-A6CB-065F0A3CEEDB}.Debug|Any CPU.ActiveCfg = Debug|Any CPU
		{3CC56180-8D03-456C-A6CB-065F0A3CEEDB}.Debug|Any CPU.Build.0 = Debug|Any CPU
		{3CC56180-8D03-456C-A6CB-065F0A3CEEDB}.Release|Any CPU.ActiveCfg = Release|Any CPU
		{3CC56180-8D03-456C-A6CB-065F0A3CEEDB}.Release|Any CPU.Build.0 = Release|Any CPU
		{894C9B20-078F-431E-83BA-3A503CB9D298}.Debug|Any CPU.ActiveCfg = Debug|Any CPU
		{894C9B20-078F-431E-83BA-3A503CB9D298}.Debug|Any CPU.Build.0 = Debug|Any CPU
		{894C9B20-078F-431E-83BA-3A503CB9D298}.Release|Any CPU.ActiveCfg = Release|Any CPU
		{894C9B20-078F-431E-83BA-3A503CB9D298}.Release|Any CPU.Build.0 = Release|Any CPU
		{7609360C-EF81-49AE-8183-D370EEFF0031}.Debug|Any CPU.ActiveCfg = Debug|Any CPU
		{7609360C-EF81-49AE-8183-D370EEFF0031}.Debug|Any CPU.Build.0 = Debug|Any CPU
		{7609360C-EF81-49AE-8183-D370EEFF0031}.Release|Any CPU.ActiveCfg = Release|Any CPU
		{7609360C-EF81-49AE-8183-D370EEFF0031}.Release|Any CPU.Build.0 = Release|Any CPU
	EndGlobalSection
	GlobalSection(SolutionProperties) = preSolution
		HideSolutionNode = FALSE
	EndGlobalSection
	GlobalSection(NestedProjects) = preSolution
		{2775B88D-7E05-4CBD-91D8-B71E331AEE7D} = {0F0FECAE-FEB8-4CB7-9F06-DCF60748BFDE}
		{FA164FDF-21DF-4A16-B37D-F989D03C4185} = {0F0FECAE-FEB8-4CB7-9F06-DCF60748BFDE}
		{6EB9BD2F-0951-48FB-9A00-FB9C713B1489} = {0F0FECAE-FEB8-4CB7-9F06-DCF60748BFDE}
		{A02958DB-9AF6-47AD-88AE-73DDC7277E86} = {0F0FECAE-FEB8-4CB7-9F06-DCF60748BFDE}
		{4E519844-6E38-4CCD-842A-DF70630CCF29} = {8626ED86-E5FC-44BF-A696-E06A01A23140}
		{E57F0D4B-FA69-4A2D-A108-1F533BD5BB7A} = {8626ED86-E5FC-44BF-A696-E06A01A23140}
		{61A24C48-3670-4EFD-8289-7801B5999DD4} = {C296DDE9-537F-4F60-8A60-C5182B548B78}
		{F3096B77-A297-46F5-B751-D291EEA5C8D8} = {C296DDE9-537F-4F60-8A60-C5182B548B78}
		{3CC56180-8D03-456C-A6CB-065F0A3CEEDB} = {C296DDE9-537F-4F60-8A60-C5182B548B78}
		{894C9B20-078F-431E-83BA-3A503CB9D298} = {C296DDE9-537F-4F60-8A60-C5182B548B78}
		{7609360C-EF81-49AE-8183-D370EEFF0031} = {C296DDE9-537F-4F60-8A60-C5182B548B78}
	EndGlobalSection
	GlobalSection(ExtensibilityGlobals) = postSolution
		SolutionGuid = {68F75FFB-4DD7-4E55-A741-34C8485AB5C6}
	EndGlobalSection
EndGlobal
